{
  "version": 4,
  "terraform_version": "1.13.1",
  "serial": 5,
  "lineage": "8b627e7a-a5c8-0247-ef68-f39cfcb131f9",
  "outputs": {
    "production_ip": {
      "value": "104.248.47.87",
      "type": "string"
    },
    "staging_ip": {
      "value": "178.128.200.225",
      "type": "string"
    }
  },
  "resources": [
    {
      "mode": "managed",
      "type": "digitalocean_droplet",
      "name": "production",
      "provider": "provider[\"registry.terraform.io/digitalocean/digitalocean\"]",
      "instances": [
        {
          "schema_version": 1,
          "attributes": {
            "backup_policy": [],
            "backups": false,
            "created_at": "2025-08-27T20:32:41Z",
            "disk": 25,
            "droplet_agent": null,
            "graceful_shutdown": false,
            "id": "515555410",
            "image": "docker-20-04",
            "ipv4_address": "104.248.47.87",
            "ipv4_address_private": "10.114.16.2",
            "ipv6": false,
            "ipv6_address": "",
            "locked": false,
            "memory": 1024,
            "monitoring": false,
            "name": "production-backend",
            "price_hourly": 0.00893,
            "price_monthly": 6,
            "private_networking": true,
            "region": "fra1",
            "resize_disk": true,
            "size": "s-1vcpu-1gb",
            "ssh_keys": [
              "50286368"
            ],
            "status": "active",
            "tags": null,
            "timeouts": null,
            "urn": "do:droplet:515555410",
            "user_data": null,
            "vcpus": 1,
            "volume_ids": [],
            "vpc_uuid": "57358eff-d9f4-494c-87fa-f6c0f42866a4"
          },
          "sensitive_attributes": [],
          "identity_schema_version": 0,
          "private": "eyJlMmJmYjczMC1lY2FhLTExZTYtOGY4OC0zNDM2M2JjN2M0YzAiOnsiY3JlYXRlIjozNjAwMDAwMDAwMDAwLCJkZWxldGUiOjYwMDAwMDAwMDAwLCJ1cGRhdGUiOjM2MDAwMDAwMDAwMDB9LCJzY2hlbWFfdmVyc2lvbiI6IjEifQ==",
          "dependencies": [
            "digitalocean_vpc.project_vpc"
          ]
        }
      ]
    },
    {
      "mode": "managed",
      "type": "digitalocean_droplet",
      "name": "staging",
      "provider": "provider[\"registry.terraform.io/digitalocean/digitalocean\"]",
      "instances": [
        {
          "schema_version": 1,
          "attributes": {
            "backup_policy": [],
            "backups": false,
            "created_at": "2025-08-27T20:32:41Z",
            "disk": 25,
            "droplet_agent": null,
            "graceful_shutdown": false,
            "id": "515555411",
            "image": "docker-20-04",
            "ipv4_address": "178.128.200.225",
            "ipv4_address_private": "10.114.16.3",
            "ipv6": false,
            "ipv6_address": "",
            "locked": false,
            "memory": 1024,
            "monitoring": false,
            "name": "staging-backend",
            "price_hourly": 0.00893,
            "price_monthly": 6,
            "private_networking": true,
            "region": "fra1",
            "resize_disk": true,
            "size": "s-1vcpu-1gb",
            "ssh_keys": [
              "50286368"
            ],
            "status": "active",
            "tags": null,
            "timeouts": null,
            "urn": "do:droplet:515555411",
            "user_data": null,
            "vcpus": 1,
            "volume_ids": [],
            "vpc_uuid": "57358eff-d9f4-494c-87fa-f6c0f42866a4"
          },
          "sensitive_attributes": [],
          "identity_schema_version": 0,
          "private": "eyJlMmJmYjczMC1lY2FhLTExZTYtOGY4OC0zNDM2M2JjN2M0YzAiOnsiY3JlYXRlIjozNjAwMDAwMDAwMDAwLCJkZWxldGUiOjYwMDAwMDAwMDAwLCJ1cGRhdGUiOjM2MDAwMDAwMDAwMDB9LCJzY2hlbWFfdmVyc2lvbiI6IjEifQ==",
          "dependencies": [
            "digitalocean_vpc.project_vpc"
          ]
        }
      ]
    },
    {
      "mode": "managed",
      "type": "digitalocean_firewall",
      "name": "fw",
      "provider": "provider[\"registry.terraform.io/digitalocean/digitalocean\"]",
      "instances": [
        {
          "schema_version": 0,
          "attributes": {
            "created_at": "2025-08-27T20:32:39Z",
            "droplet_ids": null,
            "id": "9af167a7-1153-4f0b-9a93-f6bad28d0d46",
            "inbound_rule": [
              {
                "port_range": "22",
                "protocol": "tcp",
                "source_addresses": [
                  "0.0.0.0/0"
                ],
                "source_droplet_ids": [],
                "source_kubernetes_ids": [],
                "source_load_balancer_uids": [],
                "source_tags": []
              },
              {
                "port_range": "443",
                "protocol": "tcp",
                "source_addresses": [
                  "0.0.0.0/0"
                ],
                "source_droplet_ids": [],
                "source_kubernetes_ids": [],
                "source_load_balancer_uids": [],
                "source_tags": []
              },
              {
                "port_range": "80",
                "protocol": "tcp",
                "source_addresses": [
                  "0.0.0.0/0"
                ],
                "source_droplet_ids": [],
                "source_kubernetes_ids": [],
                "source_load_balancer_uids": [],
                "source_tags": []
              }
            ],
            "name": "devsecops-fw",
            "outbound_rule": [
              {
                "destination_addresses": [
                  "0.0.0.0/0"
                ],
                "destination_droplet_ids": [],
                "destination_kubernetes_ids": [],
                "destination_load_balancer_uids": [],
                "destination_tags": [],
                "port_range": "all",
                "protocol": "tcp"
              }
            ],
            "pending_changes": [],
            "status": "succeeded",
            "tags": null
          },
          "sensitive_attributes": [],
          "identity_schema_version": 0,
          "private": "bnVsbA=="
        }
      ]
    },
    {
      "mode": "managed",
      "type": "digitalocean_vpc",
      "name": "project_vpc",
      "provider": "provider[\"registry.terraform.io/digitalocean/digitalocean\"]",
      "instances": [
        {
          "schema_version": 0,
          "attributes": {
            "created_at": "2025-08-27 20:32:39 +0000 UTC",
            "default": false,
            "description": "",
            "id": "57358eff-d9f4-494c-87fa-f6c0f42866a4",
            "ip_range": "10.114.16.0/20",
            "name": "devsecops-vpc",
            "region": "fra1",
            "timeouts": null,
            "urn": "do:vpc:57358eff-d9f4-494c-87fa-f6c0f42866a4"
          },
          "sensitive_attributes": [],
          "identity_schema_version": 0,
          "private": "eyJlMmJmYjczMC1lY2FhLTExZTYtOGY4OC0zNDM2M2JjN2M0YzAiOnsiZGVsZXRlIjoxMjAwMDAwMDAwMDB9fQ=="
        }
      ]
    }
  ],
  "check_results": null
}
